Microsoft Visual Studio Solution File, Format Version 12.00
# Visual Studio Version 17
VisualStudioVersion = 17.5.2.0
MinimumVisualStudioVersion = 10.0.40219.1
Project("{FAE04EC0-301F-11D3-BF4B-00C04F79EFBC}") = "mediumBE", "mediumBE.csproj", "{2B856E12-DB7A-5414-F5A7-1BBCEF566663}"
EndProject
Global
	GlobalSection(SolutionConfigurationPlatforms) = preSolution
		Debug|Any CPU = Debug|Any CPU
		Release|Any CPU = Release|Any CPU
	EndGlobalSection
	GlobalSection(ProjectConfigurationPlatforms) = postSolution
		{2B856E12-DB7A-5414-F5A7-1BBCEF566663}.Debug|Any CPU.ActiveCfg = Debug|Any CPU
		{2B856E12-DB7A-5414-F5A7-1BBCEF566663}.Debug|Any CPU.Build.0 = Debug|Any CPU
		{2B856E12-DB7A-5414-F5A7-1BBCEF566663}.Release|Any CPU.ActiveCfg = Release|Any CPU
		{2B856E12-DB7A-5414-F5A7-1BBCEF566663}.Release|Any CPU.Build.0 = Release|Any CPU
	EndGlobalSection
	GlobalSection(SolutionProperties) = preSolution
		HideSolutionNode = FALSE
	EndGlobalSection
	GlobalSection(ExtensibilityGlobals) = postSolution
		SolutionGuid = {44E46E49-8250-41AB-ACB3-A61C641F6BBB}
	EndGlobalSection
EndGlobal
